
Microsoft Visual Studio Solution File, Format Version 12.00
# Visual Studio Version 17
VisualStudioVersion = 17.5.33516.290
MinimumVisualStudioVersion = 10.0.40219.1
Project("{FAE04EC0-301F-11D3-BF4B-00C04F79EFBC}") = "SneakerStore", "SneakerStore\SneakerStore.csproj", "{47871651-7E43-4D80-A32F-25AE4D24EB49}"
EndProject
Global
	GlobalSection(SolutionConfigurationPlatforms) = preSolution
		Debug|Any CPU = Debug|Any CPU
		Release|Any CPU = Release|Any CPU
	EndGlobalSection
	GlobalSection(ProjectConfigurationPlatforms) = postSolution
		{47871651-7E43-4D80-A32F-25AE4D24EB49}.Debug|Any CPU.ActiveCfg = Debug|Any CPU
		{47871651-7E43-4D80-A32F-25AE4D24EB49}.Debug|Any CPU.Build.0 = Debug|Any CPU
		{47871651-7E43-4D80-A32F-25AE4D24EB49}.Release|Any CPU.ActiveCfg = Release|Any CPU
		{47871651-7E43-4D80-A32F-25AE4D24EB49}.Release|Any CPU.Build.0 = Release|Any CPU
	EndGlobalSection
	GlobalSection(SolutionProperties) = preSolution
		HideSolutionNode = FALSE
	EndGlobalSection
	GlobalSection(ExtensibilityGlobals) = postSolution
		SolutionGuid = {65F47E28-E9E7-4A6E-9DB7-9BA18BB96B39}
	EndGlobalSection
EndGlobal
